
Microsoft Visual Studio Solution File, Format Version 12.00
# Visual Studio 15
VisualStudioVersion = 15.0.27130.2027
MinimumVisualStudioVersion = 10.0.40219.1
Project("{9A19103F-16F7-4668-BE54-9A1E7A4F7556}") = "scorednameAPI", "src\ScorednamesAPI\scorednameAPI.csproj", "{D15DCF9F-97BD-4286-874A-A12E18F424E0}"
EndProject
Project("{FAE04EC0-301F-11D3-BF4B-00C04F79EFBC}") = "scorednameAPITest", "test\scorednameAPITest\scorednameAPITest.csproj", "{B9A3B911-1708-41B9-8EC7-1C60E0310193}"
EndProject
Global
	GlobalSection(SolutionConfigurationPlatforms) = preSolution
		Debug|Any CPU = Debug|Any CPU
		Release|Any CPU = Release|Any CPU
	EndGlobalSection
	GlobalSection(ProjectConfigurationPlatforms) = postSolution
		{D15DCF9F-97BD-4286-874A-A12E18F424E0}.Debug|Any CPU.ActiveCfg = Debug|Any CPU
		{D15DCF9F-97BD-4286-874A-A12E18F424E0}.Debug|Any CPU.Build.0 = Debug|Any CPU
		{D15DCF9F-97BD-4286-874A-A12E18F424E0}.Release|Any CPU.ActiveCfg = Release|Any CPU
		{D15DCF9F-97BD-4286-874A-A12E18F424E0}.Release|Any CPU.Build.0 = Release|Any CPU
		{B9A3B911-1708-41B9-8EC7-1C60E0310193}.Debug|Any CPU.ActiveCfg = Debug|Any CPU
		{B9A3B911-1708-41B9-8EC7-1C60E0310193}.Debug|Any CPU.Build.0 = Debug|Any CPU
		{B9A3B911-1708-41B9-8EC7-1C60E0310193}.Release|Any CPU.ActiveCfg = Release|Any CPU
		{B9A3B911-1708-41B9-8EC7-1C60E0310193}.Release|Any CPU.Build.0 = Release|Any CPU
	EndGlobalSection
	GlobalSection(SolutionProperties) = preSolution
		HideSolutionNode = FALSE
	EndGlobalSection
	GlobalSection(ExtensibilityGlobals) = postSolution
		SolutionGuid = {8CBD0875-E85B-4B2A-9B3E-17CE090F303C}
	EndGlobalSection
EndGlobal
